{
    "_readme": [
        "This file locks the dependencies of your project to a known state",
        "Read more about it at https://getcomposer.org/doc/01-basic-usage.md#installing-dependencies",
        "This file is @generated automatically"
    ],
    "content-hash": "e5fceab9d88752cb1ec7ca2475aa36d9",
    "packages": [
        {
            "name": "ulrichsg/getopt-php",
            "version": "3.1.1",
            "source": {
                "type": "git",
                "url": "https://github.com/getopt-php/getopt-php.git",
                "reference": "ca1cb1ca95518095b41628cb366ac503b34bb13e"
            },
            "dist": {
                "type": "zip",
                "url": "https://api.github.com/repos/getopt-php/getopt-php/zipball/ca1cb1ca95518095b41628cb366ac503b34bb13e",
                "reference": "ca1cb1ca95518095b41628cb366ac503b34bb13e",
                "shasum": ""
            },
            "require": {
                "php": ">=5.4.0"
            },
            "require-dev": {
                "phpunit/phpunit": "^4.8",
                "squizlabs/php_codesniffer": "^2.7"
            },
            "type": "library",
            "autoload": {
                "psr-4": {
                    "GetOpt\\": "src"
                }
            },
            "notification-url": "https://packagist.org/downloads/",
            "license": [
                "MIT"
            ],
            "authors": [
                {
                    "name": "Ulrich Schmidt-Goertz",
                    "email": "ulrich@schmidt-goertz.de"
                },
                {
                    "name": "Thomas Flori",
                    "email": "thflori@gmail.com"
                }
            ],
            "description": "Command line arguments parser for PHP 5.4 - 7.1",
            "homepage": "http://getopt-php.github.io/getopt-php",
            "time": "2018-05-01T05:58:28+00:00"
        }
    ],
    "packages-dev": [],
    "aliases": [],
    "minimum-stability": "stable",
    "stability-flags": [],
    "prefer-stable": false,
    "prefer-lowest": false,
    "platform": [],
    "platform-dev": []
}
